Microsoft Visual Studio Solution File, Format Version 12.00
# Visual Studio Version 17
VisualStudioVersion = 17.5.2.0
MinimumVisualStudioVersion = 10.0.40219.1
Project("{FAE04EC0-301F-11D3-BF4B-00C04F79EFBC}") = "MyEStore", "MyEStore.csproj", "{60213970-E3CE-C0D9-2EF0-71FE22E30297}"
EndProject
Global
	GlobalSection(SolutionConfigurationPlatforms) = preSolution
		Debug|Any CPU = Debug|Any CPU
		Release|Any CPU = Release|Any CPU
	EndGlobalSection
	GlobalSection(ProjectConfigurationPlatforms) = postSolution
		{60213970-E3CE-C0D9-2EF0-71FE22E30297}.Debug|Any CPU.ActiveCfg = Debug|Any CPU
		{60213970-E3CE-C0D9-2EF0-71FE22E30297}.Debug|Any CPU.Build.0 = Debug|Any CPU
		{60213970-E3CE-C0D9-2EF0-71FE22E30297}.Release|Any CPU.ActiveCfg = Release|Any CPU
		{60213970-E3CE-C0D9-2EF0-71FE22E30297}.Release|Any CPU.Build.0 = Release|Any CPU
	EndGlobalSection
	GlobalSection(SolutionProperties) = preSolution
		HideSolutionNode = FALSE
	EndGlobalSection
	GlobalSection(ExtensibilityGlobals) = postSolution
		SolutionGuid = {D7177D71-E46C-44B6-824B-1F09A61A424A}
	EndGlobalSection
EndGlobal
